// !$*UTF8*$!
{
	archiveVersion = 1;
	classes = {
	};
	objectVersion = 48;
	objects = {

/* Begin PBXBuildFile section */
		32556D1E2AADD4B4262A5D51 /* Pods_InstagramTests.framework in Frameworks */ = {isa = PBXBuildFile; fileRef = 994CAFE47AED5A859985C859 /* Pods_InstagramTests.framework */; };
		4D4D1DE25BCCC19941FE4458 /* Pods_InstagramUITests.framework in Frameworks */ = {isa = PBXBuildFile; fileRef = 3D9965E66AB5C013ABB2D629 /* Pods_InstagramUITests.framework */; };
		70E8A42F3210CDCAEAB7A2BA /* Pods_Instagram.framework in Frameworks */ = {isa = PBXBuildFile; fileRef = F53F5F58EBA8CE94CBCC5E31 /* Pods_Instagram.framework */; };
		A15782E42043225C00D92B78 /* AppDelegate.swift in Sources */ = {isa = PBXBuildFile; fileRef = A15782E32043225C00D92B78 /* AppDelegate.swift */; };
		A15782E62043225C00D92B78 /* ViewController.swift in Sources */ = {isa = PBXBuildFile; fileRef = A15782E52043225C00D92B78 /* ViewController.swift */; };
		A15782E92043225C00D92B78 /* Main.storyboard in Resources */ = {isa = PBXBuildFile; fileRef = A15782E72043225C00D92B78 /* Main.storyboard */; };
		A15782EB2043225C00D92B78 /* Assets.xcassets in Resources */ = {isa = PBXBuildFile; fileRef = A15782EA2043225C00D92B78 /* Assets.xcassets */; };
		A15782EE2043225C00D92B78 /* LaunchScreen.storyboard in Resources */ = {isa = PBXBuildFile; fileRef = A15782EC2043225C00D92B78 /* LaunchScreen.storyboard */; };
		A15782F92043225D00D92B78 /* InstagramTests.swift in Sources */ = {isa = PBXBuildFile; fileRef = A15782F82043225D00D92B78 /* InstagramTests.swift */; };
		A15783042043225D00D92B78 /* InstagramUITests.swift in Sources */ = {isa = PBXBuildFile; fileRef = A15783032043225D00D92B78 /* InstagramUITests.swift */; };
		A1668354204B9D8E002FF0D3 /* InstaCell.swift in Sources */ = {isa = PBXBuildFile; fileRef = A1668353204B9D8E002FF0D3 /* InstaCell.swift */; };
		A1668356204BA55A002FF0D3 /* Post.swift in Sources */ = {isa = PBXBuildFile; fileRef = A1668355204BA55A002FF0D3 /* Post.swift */; };
		A1A27D382046444700601E96 /* LoginViewController.swift in Sources */ = {isa = PBXBuildFile; fileRef = A1A27D372046444700601E96 /* LoginViewController.swift */; };
		A1A27D3A2046E7EF00601E96 /* MainViewController.swift in Sources */ = {isa = PBXBuildFile; fileRef = A1A27D392046E7EF00601E96 /* MainViewController.swift */; };
		A1A27D3C2046EDCC00601E96 /* UploadViewController.swift in Sources */ = {isa = PBXBuildFile; fileRef = A1A27D3B2046EDCC00601E96 /* UploadViewController.swift */; };
/* End PBXBuildFile section */

/* Begin PBXContainerItemProxy section */
		A15782F52043225D00D92B78 /* PBXContainerItemProxy */ = {
			isa = PBXContainerItemProxy;
			containerPortal = A15782D82043225C00D92B78 /* Project object */;
			proxyType = 1;
			remoteGlobalIDString = A15782DF2043225C00D92B78;
			remoteInfo = Instagram;
		};
		A15783002043225D00D92B78 /* PBXContainerItemProxy */ = {
			isa = PBXContainerItemProxy;
			containerPortal = A15782D82043225C00D92B78 /* Project object */;
			proxyType = 1;
			remoteGlobalIDString = A15782DF2043225C00D92B78;
			remoteInfo = Instagram;
		};
/* End PBXContainerItemProxy section */

/* Begin PBXFileReference section */
		3D9965E66AB5C013ABB2D629 /* Pods_InstagramUITests.framework */ = {isa = PBXFileReference; explicitFileType = wrapper.framework; includeInIndex = 0; path = Pods_InstagramUITests.framework; sourceTree = BUILT_PRODUCTS_DIR; };
		45C30BE6416601DA6733378A /* Pods-InstagramUITests.debug.xcconfig */ = {isa = PBXFileReference; includeInIndex = 1; lastKnownFileType = text.xcconfig; name = "Pods-InstagramUITests.debug.xcconfig"; path = "Pods/Target Support Files/Pods-InstagramUITests/Pods-InstagramUITests.debug.xcconfig"; sourceTree = "<group>"; };
		71AD234C938DEA8EF2BC38A4 /* Pods-InstagramTests.debug.xcconfig */ = {isa = PBXFileReference; includeInIndex = 1; lastKnownFileType = text.xcconfig; name = "Pods-InstagramTests.debug.xcconfig"; path = "Pods/Target Support Files/Pods-InstagramTests/Pods-InstagramTests.debug.xcconfig"; sourceTree = "<group>"; };
		994CAFE47AED5A859985C859 /* Pods_InstagramTests.framework */ = {isa = PBXFileReference; explicitFileType = wrapper.framework; includeInIndex = 0; path = Pods_InstagramTests.framework; sourceTree = BUILT_PRODUCTS_DIR; };
		9C05000BFABC6576C500B21D /* Pods-InstagramUITests.release.xcconfig */ = {isa = PBXFileReference; includeInIndex = 1; lastKnownFileType = text.xcconfig; name = "Pods-InstagramUITests.release.xcconfig"; path = "Pods/Target Support Files/Pods-InstagramUITests/Pods-InstagramUITests.release.xcconfig"; sourceTree = "<group>"; };
		A15782E02043225C00D92B78 /* Instagram.app */ = {isa = PBXFileReference; explicitFileType = wrapper.application; includeInIndex = 0; path = Instagram.app; sourceTree = BUILT_PRODUCTS_DIR; };
		A15782E32043225C00D92B78 /* AppDelegate.swift */ = {isa = PBXFileReference; lastKnownFileType = sourcecode.swift; path = AppDelegate.swift; sourceTree = "<group>"; };
		A15782E52043225C00D92B78 /* ViewController.swift */ = {isa = PBXFileReference; lastKnownFileType = sourcecode.swift; path = ViewController.swift; sourceTree = "<group>"; };
		A15782E82043225C00D92B78 /* Base */ = {isa = PBXFileReference; lastKnownFileType = file.storyboard; name = Base; path = Base.lproj/Main.storyboard; sourceTree = "<group>"; };
		A15782EA2043225C00D92B78 /* Assets.xcassets */ = {isa = PBXFileReference; lastKnownFileType = folder.assetcatalog; path = Assets.xcassets; sourceTree = "<group>"; };
		A15782ED2043225C00D92B78 /* Base */ = {isa = PBXFileReference; lastKnownFileType = file.storyboard; name = Base; path = Base.lproj/LaunchScreen.storyboard; sourceTree = "<group>"; };
		A15782EF2043225C00D92B78 /* Info.plist */ = {isa = PBXFileReference; lastKnownFileType = text.plist.xml; path = Info.plist; sourceTree = "<group>"; };
		A15782F42043225C00D92B78 /* InstagramTests.xctest */ = {isa = PBXFileReference; explicitFileType = wrapper.cfbundle; includeInIndex = 0; path = InstagramTests.xctest; sourceTree = BUILT_PRODUCTS_DIR; };
		A15782F82043225D00D92B78 /* InstagramTests.swift */ = {isa = PBXFileReference; lastKnownFileType = sourcecode.swift; path = InstagramTests.swift; sourceTree = "<group>"; };
		A15782FA2043225D00D92B78 /* Info.plist */ = {isa = PBXFileReference; lastKnownFileType = text.plist.xml; path = Info.plist; sourceTree = "<group>"; };
		A15782FF2043225D00D92B78 /* InstagramUITests.xctest */ = {isa = PBXFileReference; explicitFileType = wrapper.cfbundle; includeInIndex = 0; path = InstagramUITests.xctest; sourceTree = BUILT_PRODUCTS_DIR; };
		A15783032043225D00D92B78 /* InstagramUITests.swift */ = {isa = PBXFileReference; lastKnownFileType = sourcecode.swift; path = InstagramUITests.swift; sourceTree = "<group>"; };
		A15783052043225D00D92B78 /* Info.plist */ = {isa = PBXFileReference; lastKnownFileType = text.plist.xml; path = Info.plist; sourceTree = "<group>"; };
		A1668353204B9D8E002FF0D3 /* InstaCell.swift */ = {isa = PBXFileReference; lastKnownFileType = sourcecode.swift; path = InstaCell.swift; sourceTree = "<group>"; };
		A1668355204BA55A002FF0D3 /* Post.swift */ = {isa = PBXFileReference; lastKnownFileType = sourcecode.swift; path = Post.swift; sourceTree = "<group>"; };
		A1A27D372046444700601E96 /* LoginViewController.swift */ = {isa = PBXFileReference; lastKnownFileType = sourcecode.swift; path = LoginViewController.swift; sourceTree = "<group>"; };
		A1A27D392046E7EF00601E96 /* MainViewController.swift */ = {isa = PBXFileReference; lastKnownFileType = sourcecode.swift; path = MainViewController.swift; sourceTree = "<group>"; };
		A1A27D3B2046EDCC00601E96 /* UploadViewController.swift */ = {isa = PBXFileReference; lastKnownFileType = sourcecode.swift; path = UploadViewController.swift; sourceTree = "<group>"; };
		B1566BDA1A46244382DEFE75 /* Pods-InstagramTests.release.xcconfig */ = {isa = PBXFileReference; includeInIndex = 1; lastKnownFileType = text.xcconfig; name = "Pods-InstagramTests.release.xcconfig"; path = "Pods/Target Support Files/Pods-InstagramTests/Pods-InstagramTests.release.xcconfig"; sourceTree = "<group>"; };
		F3CC633BC3F048E7F08B810C /* Pods-Instagram.debug.xcconfig */ = {isa = PBXFileReference; includeInIndex = 1; lastKnownFileType = text.xcconfig; name = "Pods-Instagram.debug.xcconfig"; path = "Pods/Target Support Files/Pods-Instagram/Pods-Instagram.debug.xcconfig"; sourceTree = "<group>"; };
		F53F5F58EBA8CE94CBCC5E31 /* Pods_Instagram.framework */ = {isa = PBXFileReference; explicitFileType = wrapper.framework; includeInIndex = 0; path = Pods_Instagram.framework; sourceTree = BUILT_PRODUCTS_DIR; };
		FB523B10F1BD30EAF5CFBF60 /* Pods-Instagram.release.xcconfig */ = {isa = PBXFileReference; includeInIndex = 1; lastKnownFileType = text.xcconfig; name = "Pods-Instagram.release.xcconfig"; path = "Pods/Target Support Files/Pods-Instagram/Pods-Instagram.release.xcconfig"; sourceTree = "<group>"; };
/* End PBXFileReference section */

/* Begin PBXFrameworksBuildPhase section */
		A15782DD2043225C00D92B78 /* Frameworks */ = {
			isa = PBXFrameworksBuildPhase;
			buildActionMask = 2147483647;
			files = (
				70E8A42F3210CDCAEAB7A2BA /* Pods_Instagram.framework in Frameworks */,
			);
			runOnlyForDeploymentPostprocessing = 0;
		};
		A15782F12043225C00D92B78 /* Frameworks */ = {
			isa = PBXFrameworksBuildPhase;
			buildActionMask = 2147483647;
			files = (
				32556D1E2AADD4B4262A5D51 /* Pods_InstagramTests.framework in Frameworks */,
			);
			runOnlyForDeploymentPostprocessing = 0;
		};
		A15782FC2043225D00D92B78 /* Frameworks */ = {
			isa = PBXFrameworksBuildPhase;
			buildActionMask = 2147483647;
			files = (
				4D4D1DE25BCCC19941FE4458 /* Pods_InstagramUITests.framework in Frameworks */,
			);
			runOnlyForDeploymentPostprocessing = 0;
		};
/* End PBXFrameworksBuildPhase section */

/* Begin PBXGroup section */
		36648F3EAF2CB92F89C001A1 /* Frameworks */ = {
			isa = PBXGroup;
			children = (
				F53F5F58EBA8CE94CBCC5E31 /* Pods_Instagram.framework */,
				994CAFE47AED5A859985C859 /* Pods_InstagramTests.framework */,
				3D9965E66AB5C013ABB2D629 /* Pods_InstagramUITests.framework */,
			);
			name = Frameworks;
			sourceTree = "<group>";
		};
		A15782D72043225C00D92B78 = {
			isa = PBXGroup;
			children = (
				A15782E22043225C00D92B78 /* Instagram */,
				A15782F72043225D00D92B78 /* InstagramTests */,
				A15783022043225D00D92B78 /* InstagramUITests */,
				A15782E12043225C00D92B78 /* Products */,
				EDD2E9A3D083E75B57EEA3BD /* Pods */,
				36648F3EAF2CB92F89C001A1 /* Frameworks */,
			);
			sourceTree = "<group>";
		};
		A15782E12043225C00D92B78 /* Products */ = {
			isa = PBXGroup;
			children = (
				A15782E02043225C00D92B78 /* Instagram.app */,
				A15782F42043225C00D92B78 /* InstagramTests.xctest */,
				A15782FF2043225D00D92B78 /* InstagramUITests.xctest */,
			);
			name = Products;
			sourceTree = "<group>";
		};
		A15782E22043225C00D92B78 /* Instagram */ = {
			isa = PBXGroup;
			children = (
				A15782E32043225C00D92B78 /* AppDelegate.swift */,
				A15782E52043225C00D92B78 /* ViewController.swift */,
				A15782E72043225C00D92B78 /* Main.storyboard */,
				A1A27D392046E7EF00601E96 /* MainViewController.swift */,
				A15782EA2043225C00D92B78 /* Assets.xcassets */,
				A15782EC2043225C00D92B78 /* LaunchScreen.storyboard */,
				A15782EF2043225C00D92B78 /* Info.plist */,
				A1A27D372046444700601E96 /* LoginViewController.swift */,
				A1A27D3B2046EDCC00601E96 /* UploadViewController.swift */,
				A1668353204B9D8E002FF0D3 /* InstaCell.swift */,
				A1668355204BA55A002FF0D3 /* Post.swift */,
			);
			path = Instagram;
			sourceTree = "<group>";
		};
		A15782F72043225D00D92B78 /* InstagramTests */ = {
			isa = PBXGroup;
			children = (
				A15782F82043225D00D92B78 /* InstagramTests.swift */,
				A15782FA2043225D00D92B78 /* Info.plist */,
			);
			path = InstagramTests;
			sourceTree = "<group>";
		};
		A15783022043225D00D92B78 /* InstagramUITests */ = {
			isa = PBXGroup;
			children = (
				A15783032043225D00D92B78 /* InstagramUITests.swift */,
				A15783052043225D00D92B78 /* Info.plist */,
			);
			path = InstagramUITests;
			sourceTree = "<group>";
		};
		EDD2E9A3D083E75B57EEA3BD /* Pods */ = {
			isa = PBXGroup;
			children = (
				F3CC633BC3F048E7F08B810C /* Pods-Instagram.debug.xcconfig */,
				FB523B10F1BD30EAF5CFBF60 /* Pods-Instagram.release.xcconfig */,
				71AD234C938DEA8EF2BC38A4 /* Pods-InstagramTests.debug.xcconfig */,
				B1566BDA1A46244382DEFE75 /* Pods-InstagramTests.release.xcconfig */,
				45C30BE6416601DA6733378A /* Pods-InstagramUITests.debug.xcconfig */,
				9C05000BFABC6576C500B21D /* Pods-InstagramUITests.release.xcconfig */,
			);
			name = Pods;
			sourceTree = "<group>";
		};
/* End PBXGroup section */

/* Begin PBXNativeTarget section */
		A15782DF2043225C00D92B78 /* Instagram */ = {
			isa = PBXNativeTarget;
			buildConfigurationList = A15783082043225D00D92B78 /* Build configuration list for PBXNativeTarget "Instagram" */;
			buildPhases = (
				8640381DE91B05BF21F72815 /* [CP] Check Pods Manifest.lock */,
				A15782DC2043225C00D92B78 /* Sources */,
				A15782DD2043225C00D92B78 /* Frameworks */,
				A15782DE2043225C00D92B78 /* Resources */,
				14184EFC42DC79DD5E56B9FA /* [CP] Embed Pods Frameworks */,
				64AB27E934A6477A08FBF2C0 /* [CP] Copy Pods Resources */,
			);
			buildRules = (
			);
			dependencies = (
			);
			name = Instagram;
			productName = Instagram;
			productReference = A15782E02043225C00D92B78 /* Instagram.app */;
			productType = "com.apple.product-type.application";
		};
		A15782F32043225C00D92B78 /* InstagramTests */ = {
			isa = PBXNativeTarget;
			buildConfigurationList = A157830B2043225D00D92B78 /* Build configuration list for PBXNativeTarget "InstagramTests" */;
			buildPhases = (
				3A3714927735267C40745FD3 /* [CP] Check Pods Manifest.lock */,
				A15782F02043225C00D92B78 /* Sources */,
				A15782F12043225C00D92B78 /* Frameworks */,
				A15782F22043225C00D92B78 /* Resources */,
				7C59EB60AFDBC79E82D67125 /* [CP] Embed Pods Frameworks */,
				78AF0CB4DCB3EC02ECB8B686 /* [CP] Copy Pods Resources */,
			);
			buildRules = (
			);
			dependencies = (
				A15782F62043225D00D92B78 /* PBXTargetDependency */,
			);
			name = InstagramTests;
			productName = InstagramTests;
			productReference = A15782F42043225C00D92B78 /* InstagramTests.xctest */;
			productType = "com.apple.product-type.bundle.unit-test";
		};
		A15782FE2043225D00D92B78 /* InstagramUITests */ = {
			isa = PBXNativeTarget;
			buildConfigurationList = A157830E2043225D00D92B78 /* Build configuration list for PBXNativeTarget "InstagramUITests" */;
			buildPhases = (
				8ABF28FE7BACF3D2F42816B6 /* [CP] Check Pods Manifest.lock */,
				A15782FB2043225D00D92B78 /* Sources */,
				A15782FC2043225D00D92B78 /* Frameworks */,
				A15782FD2043225D00D92B78 /* Resources */,
				4B11BB86A0AF3B56479D6190 /* [CP] Embed Pods Frameworks */,
				DF49C28DD126C168341437ED /* [CP] Copy Pods Resources */,
			);
			buildRules = (
			);
			dependencies = (
				A15783012043225D00D92B78 /* PBXTargetDependency */,
			);
			name = InstagramUITests;
			productName = InstagramUITests;
			productReference = A15782FF2043225D00D92B78 /* InstagramUITests.xctest */;
			productType = "com.apple.product-type.bundle.ui-testing";
		};
/* End PBXNativeTarget section */

/* Begin PBXProject section */
		A15782D82043225C00D92B78 /* Project object */ = {
			isa = PBXProject;
			attributes = {
				LastSwiftUpdateCheck = 0920;
				LastUpgradeCheck = 0920;
				ORGANIZATIONNAME = "Jasmine Edwards";
				TargetAttributes = {
					A15782DF2043225C00D92B78 = {
						CreatedOnToolsVersion = 9.2;
						ProvisioningStyle = Automatic;
					};
					A15782F32043225C00D92B78 = {
						CreatedOnToolsVersion = 9.2;
						ProvisioningStyle = Automatic;
						TestTargetID = A15782DF2043225C00D92B78;
					};
					A15782FE2043225D00D92B78 = {
						CreatedOnToolsVersion = 9.2;
						ProvisioningStyle = Automatic;
						TestTargetID = A15782DF2043225C00D92B78;
					};
				};
			};
			buildConfigurationList = A15782DB2043225C00D92B78 /* Build configuration list for PBXProject "Instagram" */;
			compatibilityVersion = "Xcode 8.0";
			developmentRegion = en;
			hasScannedForEncodings = 0;
			knownRegions = (
				en,
				Base,
			);
			mainGroup = A15782D72043225C00D92B78;
			productRefGroup = A15782E12043225C00D92B78 /* Products */;
			projectDirPath = "";
			projectRoot = "";
			targets = (
				A15782DF2043225C00D92B78 /* Instagram */,
				A15782F32043225C00D92B78 /* InstagramTests */,
				A15782FE2043225D00D92B78 /* InstagramUITests */,
			);
		};
/* End PBXProject section */

/* Begin PBXResourcesBuildPhase section */
		A15782DE2043225C00D92B78 /* Resources */ = {
			isa = PBXResourcesBuildPhase;
			buildActionMask = 2147483647;
			files = (
				A15782EE2043225C00D92B78 /* LaunchScreen.storyboard in Resources */,
				A15782EB2043225C00D92B78 /* Assets.xcassets in Resources */,
				A15782E92043225C00D92B78 /* Main.storyboard in Resources */,
			);
			runOnlyForDeploymentPostprocessing = 0;
		};
		A15782F22043225C00D92B78 /* Resources */ = {
			isa = PBXResourcesBuildPhase;
			buildActionMask = 2147483647;
			files = (
			);
			runOnlyForDeploymentPostprocessing = 0;
		};
		A15782FD2043225D00D92B78 /* Resources */ = {
			isa = PBXResourcesBuildPhase;
			buildActionMask = 2147483647;
			files = (
			);
			runOnlyForDeploymentPostprocessing = 0;
		};
/* End PBXResourcesBuildPhase section */

/* Begin PBXShellScriptBuildPhase section */
		14184EFC42DC79DD5E56B9FA /* [CP] Embed Pods Frameworks */ = {
			isa = PBXShellScriptBuildPhase;
			buildActionMask = 2147483647;
			files = (
			);
			inputPaths = (
				"${SRCROOT}/Pods/Target Support Files/Pods-Instagram/Pods-Instagram-frameworks.sh",
				"${BUILT_PRODUCTS_DIR}/Bolts/Bolts.framework",
				"${BUILT_PRODUCTS_DIR}/Parse/Parse.framework",
				"${BUILT_PRODUCTS_DIR}/ParseUI/ParseUI.framework",
			);
			name = "[CP] Embed Pods Frameworks";
			outputPaths = (
				"${TARGET_BUILD_DIR}/${FRAMEWORKS_FOLDER_PATH}/Bolts.framework",
				"${TARGET_BUILD_DIR}/${FRAMEWORKS_FOLDER_PATH}/Parse.framework",
				"${TARGET_BUILD_DIR}/${FRAMEWORKS_FOLDER_PATH}/ParseUI.framework",
			);
			runOnlyForDeploymentPostprocessing = 0;
			shellPath = /bin/sh;
			shellScript = "\"${SRCROOT}/Pods/Target Support Files/Pods-Instagram/Pods-Instagram-frameworks.sh\"\n";
			showEnvVarsInLog = 0;
		};
		3A3714927735267C40745FD3 /* [CP] Check Pods Manifest.lock */ = {
			isa = PBXShellScriptBuildPhase;
			buildActionMask = 2147483647;
			files = (
			);
			inputPaths = (
				"${PODS_PODFILE_DIR_PATH}/Podfile.lock",
				"${PODS_ROOT}/Manifest.lock",
			);
			name = "[CP] Check Pods Manifest.lock";
			outputPaths = (
				"$(DERIVED_FILE_DIR)/Pods-InstagramTests-checkManifestLockResult.txt",
			);
			runOnlyForDeploymentPostprocessing = 0;
			shellPath = /bin/sh;
			shellScript = "diff \"${PODS_PODFILE_DIR_PATH}/Podfile.lock\" \"${PODS_ROOT}/Manifest.lock\" > /dev/null\nif [ $? != 0 ] ; then\n    # print error to STDERR\n    echo \"error: The sandbox is not in sync with the Podfile.lock. Run 'pod install' or update your CocoaPods installation.\" >&2\n    exit 1\nfi\n# This output is used by Xcode 'outputs' to avoid re-running this script phase.\necho \"SUCCESS\" > \"${SCRIPT_OUTPUT_FILE_0}\"\n";
			showEnvVarsInLog = 0;
		};
		4B11BB86A0AF3B56479D6190 /* [CP] Embed Pods Frameworks */ = {
			isa = PBXShellScriptBuildPhase;
			buildActionMask = 2147483647;
			files = (
			);
			inputPaths = (
			);
			name = "[CP] Embed Pods Frameworks";
			outputPaths = (
			);
			runOnlyForDeploymentPostprocessing = 0;
			shellPath = /bin/sh;
			shellScript = "\"${SRCROOT}/Pods/Target Support Files/Pods-InstagramUITests/Pods-InstagramUITests-frameworks.sh\"\n";
			showEnvVarsInLog = 0;
		};
		64AB27E934A6477A08FBF2C0 /* [CP] Copy Pods Resources */ = {
			isa = PBXShellScriptBuildPhase;
			buildActionMask = 2147483647;
			files = (
			);
			inputPaths = (
			);
			name = "[CP] Copy Pods Resources";
			outputPaths = (
			);
			runOnlyForDeploymentPostprocessing = 0;
			shellPath = /bin/sh;
			shellScript = "\"${SRCROOT}/Pods/Target Support Files/Pods-Instagram/Pods-Instagram-resources.sh\"\n";
			showEnvVarsInLog = 0;
		};
		78AF0CB4DCB3EC02ECB8B686 /* [CP] Copy Pods Resources */ = {
			isa = PBXShellScriptBuildPhase;
			buildActionMask = 2147483647;
			files = (
			);
			inputPaths = (
			);
			name = "[CP] Copy Pods Resources";
			outputPaths = (
			);
			runOnlyForDeploymentPostprocessing = 0;
			shellPath = /bin/sh;
			shellScript = "\"${SRCROOT}/Pods/Target Support Files/Pods-InstagramTests/Pods-InstagramTests-resources.sh\"\n";
			showEnvVarsInLog = 0;
		};
		7C59EB60AFDBC79E82D67125 /* [CP] Embed Pods Frameworks */ = {
			isa = PBXShellScriptBuildPhase;
			buildActionMask = 2147483647;
			files = (
			);
			inputPaths = (
			);
			name = "[CP] Embed Pods Frameworks";
			outputPaths = (
			);
			runOnlyForDeploymentPostprocessing = 0;
			shellPath = /bin/sh;
			shellScript = "\"${SRCROOT}/Pods/Target Support Files/Pods-InstagramTests/Pods-InstagramTests-frameworks.sh\"\n";
			showEnvVarsInLog = 0;
		};
		8640381DE91B05BF21F72815 /* [CP] Check Pods Manifest.lock */ = {
			isa = PBXShellScriptBuildPhase;
			buildActionMask = 2147483647;
			files = (
			);
			inputPaths = (
				"${PODS_PODFILE_DIR_PATH}/Podfile.lock",
				"${PODS_ROOT}/Manifest.lock",
			);
			name = "[CP] Check Pods Manifest.lock";
			outputPaths = (
				"$(DERIVED_FILE_DIR)/Pods-Instagram-checkManifestLockResult.txt",
			);
			runOnlyForDeploymentPostprocessing = 0;
			shellPath = /bin/sh;
			shellScript = "diff \"${PODS_PODFILE_DIR_PATH}/Podfile.lock\" \"${PODS_ROOT}/Manifest.lock\" > /dev/null\nif [ $? != 0 ] ; then\n    # print error to STDERR\n    echo \"error: The sandbox is not in sync with the Podfile.lock. Run 'pod install' or update your CocoaPods installation.\" >&2\n    exit 1\nfi\n# This output is used by Xcode 'outputs' to avoid re-running this script phase.\necho \"SUCCESS\" > \"${SCRIPT_OUTPUT_FILE_0}\"\n";
			showEnvVarsInLog = 0;
		};
		8ABF28FE7BACF3D2F42816B6 /* [CP] Check Pods Manifest.lock */ = {
			isa = PBXShellScriptBuildPhase;
			buildActionMask = 2147483647;
			files = (
			);
			inputPaths = (
				"${PODS_PODFILE_DIR_PATH}/Podfile.lock",
				"${PODS_ROOT}/Manifest.lock",
			);
			name = "[CP] Check Pods Manifest.lock";
			outputPaths = (
				"$(DERIVED_FILE_DIR)/Pods-InstagramUITests-checkManifestLockResult.txt",
			);
			runOnlyForDeploymentPostprocessing = 0;
			shellPath = /bin/sh;
			shellScript = "diff \"${PODS_PODFILE_DIR_PATH}/Podfile.lock\" \"${PODS_ROOT}/Manifest.lock\" > /dev/null\nif [ $? != 0 ] ; then\n    # print error to STDERR\n    echo \"error: The sandbox is not in sync with the Podfile.lock. Run 'pod install' or update your CocoaPods installation.\" >&2\n    exit 1\nfi\n# This output is used by Xcode 'outputs' to avoid re-running this script phase.\necho \"SUCCESS\" > \"${SCRIPT_OUTPUT_FILE_0}\"\n";
			showEnvVarsInLog = 0;
		};
		DF49C28DD126C168341437ED /* [CP] Copy Pods Resources */ = {
			isa = PBXShellScriptBuildPhase;
			buildActionMask = 2147483647;
			files = (
			);
			inputPaths = (
			);
			name = "[CP] Copy Pods Resources";
			outputPaths = (
			);
			runOnlyForDeploymentPostprocessing = 0;
			shellPath = /bin/sh;
			shellScript = "\"${SRCROOT}/Pods/Target Support Files/Pods-InstagramUITests/Pods-InstagramUITests-resources.sh\"\n";
			showEnvVarsInLog = 0;
		};
/* End PBXShellScriptBuildPhase section */

/* Begin PBXSourcesBuildPhase section */
		A15782DC2043225C00D92B78 /* Sources */ = {
			isa = PBXSourcesBuildPhase;
			buildActionMask = 2147483647;
			files = (
				A1A27D382046444700601E96 /* LoginViewController.swift in Sources */,
				A1A27D3C2046EDCC00601E96 /* UploadViewController.swift in Sources */,
				A15782E62043225C00D92B78 /* ViewController.swift in Sources */,
				A15782E42043225C00D92B78 /* AppDelegate.swift in Sources */,
				A1A27D3A2046E7EF00601E96 /* MainViewController.swift in Sources */,
				A1668356204BA55A002FF0D3 /* Post.swift in Sources */,
				A1668354204B9D8E002FF0D3 /* InstaCell.swift in Sources */,
			);
			runOnlyForDeploymentPostprocessing = 0;
		};
		A15782F02043225C00D92B78 /* Sources */ = {
			isa = PBXSourcesBuildPhase;
			buildActionMask = 2147483647;
			files = (
				A15782F92043225D00D92B78 /* InstagramTests.swift in Sources */,
			);
			runOnlyForDeploymentPostprocessing = 0;
		};
		A15782FB2043225D00D92B78 /* Sources */ = {
			isa = PBXSourcesBuildPhase;
			buildActionMask = 2147483647;
			files = (
				A15783042043225D00D92B78 /* InstagramUITests.swift in Sources */,
			);
			runOnlyForDeploymentPostprocessing = 0;
		};
/* End PBXSourcesBuildPhase section */

/* Begin PBXTargetDependency section */
		A15782F62043225D00D92B78 /* PBXTargetDependency */ = {
			isa = PBXTargetDependency;
			target = A15782DF2043225C00D92B78 /* Instagram */;
			targetProxy = A15782F52043225D00D92B78 /* PBXContainerItemProxy */;
		};
		A15783012043225D00D92B78 /* PBXTargetDependency */ = {
			isa = PBXTargetDependency;
			target = A15782DF2043225C00D92B78 /* Instagram */;
			targetProxy = A15783002043225D00D92B78 /* PBXContainerItemProxy */;
		};
/* End PBXTargetDependency section */

/* Begin PBXVariantGroup section */
		A15782E72043225C00D92B78 /* Main.storyboard */ = {
			isa = PBXVariantGroup;
			children = (
				A15782E82043225C00D92B78 /* Base */,
			);
			name = Main.storyboard;
			sourceTree = "<group>";
		};
		A15782EC2043225C00D92B78 /* LaunchScreen.storyboard */ = {
			isa = PBXVariantGroup;
			children = (
				A15782ED2043225C00D92B78 /* Base */,
			);
			name = LaunchScreen.storyboard;
			sourceTree = "<group>";
		};
/* End PBXVariantGroup section */

/* Begin XCBuildConfiguration section */
		A15783062043225D00D92B78 /* Debug */ = {
			isa = XCBuildConfiguration;
			buildSettings = {
				ALWAYS_SEARCH_USER_PATHS = NO;
				CLANG_ANALYZER_NONNULL = YES;
				CLANG_ANALYZER_NUMBER_OBJECT_CONVERSION = YES_AGGRESSIVE;
				CLANG_CXX_LANGUAGE_STANDARD = "gnu++14";
				CLANG_CXX_LIBRARY = "libc++";
				CLANG_ENABLE_MODULES = YES;
				CLANG_ENABLE_OBJC_ARC = YES;
				CLANG_WARN_BLOCK_CAPTURE_AUTORELEASING = YES;
				CLANG_WARN_BOOL_CONVERSION = YES;
				CLANG_WARN_COMMA = YES;
				CLANG_WARN_CONSTANT_CONVERSION = YES;
				CLANG_WARN_DIRECT_OBJC_ISA_USAGE = YES_ERROR;
				CLANG_WARN_DOCUMENTATION_COMMENTS = YES;
				CLANG_WARN_EMPTY_BODY = YES;
				CLANG_WARN_ENUM_CONVERSION = YES;
				CLANG_WARN_INFINITE_RECURSION = YES;
				CLANG_WARN_INT_CONVERSION = YES;
				CLANG_WARN_NON_LITERAL_NULL_CONVERSION = YES;
				CLANG_WARN_OBJC_LITERAL_CONVERSION = YES;
				CLANG_WARN_OBJC_ROOT_CLASS = YES_ERROR;
				CLANG_WARN_RANGE_LOOP_ANALYSIS = YES;
				CLANG_WARN_STRICT_PROTOTYPES = YES;
				CLANG_WARN_SUSPICIOUS_MOVE = YES;
				CLANG_WARN_UNGUARDED_AVAILABILITY = YES_AGGRESSIVE;
				CLANG_WARN_UNREACHABLE_CODE = YES;
				CLANG_WARN__DUPLICATE_METHOD_MATCH = YES;
				CODE_SIGN_IDENTITY = "iPhone Developer";
				COPY_PHASE_STRIP = NO;
				DEBUG_INFORMATION_FORMAT = dwarf;
				ENABLE_STRICT_OBJC_MSGSEND = YES;
				ENABLE_TESTABILITY = YES;
				GCC_C_LANGUAGE_STANDARD = gnu11;
				GCC_DYNAMIC_NO_PIC = NO;
				GCC_NO_COMMON_BLOCKS = YES;
				GCC_OPTIMIZATION_LEVEL = 0;
				GCC_PREPROCESSOR_DEFINITIONS = (
					"DEBUG=1",
					"$(inherited)",
				);
				GCC_WARN_64_TO_32_BIT_CONVERSION = YES;
				GCC_WARN_ABOUT_RETURN_TYPE = YES_ERROR;
				GCC_WARN_UNDECLARED_SELECTOR = YES;
				GCC_WARN_UNINITIALIZED_AUTOS = YES_AGGRESSIVE;
				GCC_WARN_UNUSED_FUNCTION = YES;
				GCC_WARN_UNUSED_VARIABLE = YES;
				IPHONEOS_DEPLOYMENT_TARGET = 11.2;
				MTL_ENABLE_DEBUG_INFO = YES;
				ONLY_ACTIVE_ARCH = YES;
				SDKROOT = iphoneos;
				SWIFT_ACTIVE_COMPILATION_CONDITIONS = DEBUG;
				SWIFT_OPTIMIZATION_LEVEL = "-Onone";
			};
			name = Debug;
		};
		A15783072043225D00D92B78 /* Release */ = {
			isa = XCBuildConfiguration;
			buildSettings = {
				ALWAYS_SEARCH_USER_PATHS = NO;
				CLANG_ANALYZER_NONNULL = YES;
				CLANG_ANALYZER_NUMBER_OBJECT_CONVERSION = YES_AGGRESSIVE;
				CLANG_CXX_LANGUAGE_STANDARD = "gnu++14";
				CLANG_CXX_LIBRARY = "libc++";
				CLANG_ENABLE_MODULES = YES;
				CLANG_ENABLE_OBJC_ARC = YES;
				CLANG_WARN_BLOCK_CAPTURE_AUTORELEASING = YES;
				CLANG_WARN_BOOL_CONVERSION = YES;
				CLANG_WARN_COMMA = YES;
				CLANG_WARN_CONSTANT_CONVERSION = YES;
				CLANG_WARN_DIRECT_OBJC_ISA_USAGE = YES_ERROR;
				CLANG_WARN_DOCUMENTATION_COMMENTS = YES;
				CLANG_WARN_EMPTY_BODY = YES;
				CLANG_WARN_ENUM_CONVERSION = YES;
				CLANG_WARN_INFINITE_RECURSION = YES;
				CLANG_WARN_INT_CONVERSION = YES;
				CLANG_WARN_NON_LITERAL_NULL_CONVERSION = YES;
				CLANG_WARN_OBJC_LITERAL_CONVERSION = YES;
				CLANG_WARN_OBJC_ROOT_CLASS = YES_ERROR;
				CLANG_WARN_RANGE_LOOP_ANALYSIS = YES;
				CLANG_WARN_STRICT_PROTOTYPES = YES;
				CLANG_WARN_SUSPICIOUS_MOVE = YES;
				CLANG_WARN_UNGUARDED_AVAILABILITY = YES_AGGRESSIVE;
				CLANG_WARN_UNREACHABLE_CODE = YES;
				CLANG_WARN__DUPLICATE_METHOD_MATCH = YES;
				CODE_SIGN_IDENTITY = "iPhone Developer";
				COPY_PHASE_STRIP = NO;
				DEBUG_INFORMATION_FORMAT = "dwarf-with-dsym";
				ENABLE_NS_ASSERTIONS = NO;
				ENABLE_STRICT_OBJC_MSGSEND = YES;
				GCC_C_LANGUAGE_STANDARD = gnu11;
				GCC_NO_COMMON_BLOCKS = YES;
				GCC_WARN_64_TO_32_BIT_CONVERSION = YES;
				GCC_WARN_ABOUT_RETURN_TYPE = YES_ERROR;
				GCC_WARN_UNDECLARED_SELECTOR = YES;
				GCC_WARN_UNINITIALIZED_AUTOS = YES_AGGRESSIVE;
				GCC_WARN_UNUSED_FUNCTION = YES;
				GCC_WARN_UNUSED_VARIABLE = YES;
				IPHONEOS_DEPLOYMENT_TARGET = 11.2;
				MTL_ENABLE_DEBUG_INFO = NO;
				SDKROOT = iphoneos;
				SWIFT_OPTIMIZATION_LEVEL = "-Owholemodule";
				VALIDATE_PRODUCT = YES;
			};
			name = Release;
		};
		A15783092043225D00D92B78 /* Debug */ = {
			isa = XCBuildConfiguration;
			baseConfigurationReference = F3CC633BC3F048E7F08B810C /* Pods-Instagram.debug.xcconfig */;
			buildSettings = {
				ASSETCATALOG_COMPILER_APPICON_NAME = AppIcon;
				CODE_SIGN_STYLE = Automatic;
				DEVELOPMENT_TEAM = 2R9K86BYBP;
				INFOPLIST_FILE = Instagram/Info.plist;
				LD_RUNPATH_SEARCH_PATHS = "$(inherited) @executable_path/Frameworks";
				PRODUCT_BUNDLE_IDENTIFIER = com.codepath.Instagram;
				PRODUCT_NAME = "$(TARGET_NAME)";
				SWIFT_VERSION = 4.0;
				TARGETED_DEVICE_FAMILY = "1,2";
			};
			name = Debug;
		};
		A157830A2043225D00D92B78 /* Release */ = {
			isa = XCBuildConfiguration;
			baseConfigurationReference = FB523B10F1BD30EAF5CFBF60 /* Pods-Instagram.release.xcconfig */;
			buildSettings = {
				ASSETCATALOG_COMPILER_APPICON_NAME = AppIcon;
				CODE_SIGN_STYLE = Automatic;
				DEVELOPMENT_TEAM = 2R9K86BYBP;
				INFOPLIST_FILE = Instagram/Info.plist;
				LD_RUNPATH_SEARCH_PATHS = "$(inherited) @executable_path/Frameworks";
				PRODUCT_BUNDLE_IDENTIFIER = com.codepath.Instagram;
				PRODUCT_NAME = "$(TARGET_NAME)";
				SWIFT_VERSION = 4.0;
				TARGETED_DEVICE_FAMILY = "1,2";
			};
			name = Release;
		};
		A157830C2043225D00D92B78 /* Debug */ = {
			isa = XCBuildConfiguration;
			baseConfigurationReference = 71AD234C938DEA8EF2BC38A4 /* Pods-InstagramTests.debug.xcconfig */;
			buildSettings = {
				ALWAYS_EMBED_SWIFT_STANDARD_LIBRARIES = YES;
				BUNDLE_LOADER = "$(TEST_HOST)";
				CODE_SIGN_STYLE = Automatic;
				INFOPLIST_FILE = InstagramTests/Info.plist;
				LD_RUNPATH_SEARCH_PATHS = "$(inherited) @executable_path/Frameworks @loader_path/Frameworks";
				PRODUCT_BUNDLE_IDENTIFIER = com.codepath.InstagramTests;
				PRODUCT_NAME = "$(TARGET_NAME)";
				SWIFT_VERSION = 4.0;
				TARGETED_DEVICE_FAMILY = "1,2";
				TEST_HOST = "$(BUILT_PRODUCTS_DIR)/Instagram.app/Instagram";
			};
			name = Debug;
		};
		A157830D2043225D00D92B78 /* Release */ = {
			isa = XCBuildConfiguration;
			baseConfigurationReference = B1566BDA1A46244382DEFE75 /* Pods-InstagramTests.release.xcconfig */;
			buildSettings = {
				ALWAYS_EMBED_SWIFT_STANDARD_LIBRARIES = YES;
				BUNDLE_LOADER = "$(TEST_HOST)";
				CODE_SIGN_STYLE = Automatic;
				INFOPLIST_FILE = InstagramTests/Info.plist;
				LD_RUNPATH_SEARCH_PATHS = "$(inherited) @executable_path/Frameworks @loader_path/Frameworks";
				PRODUCT_BUNDLE_IDENTIFIER = com.codepath.InstagramTests;
				PRODUCT_NAME = "$(TARGET_NAME)";
				SWIFT_VERSION = 4.0;
				TARGETED_DEVICE_FAMILY = "1,2";
				TEST_HOST = "$(BUILT_PRODUCTS_DIR)/Instagram.app/Instagram";
			};
			name = Release;
		};
		A157830F2043225D00D92B78 /* Debug */ = {
			isa = XCBuildConfiguration;
			baseConfigurationReference = 45C30BE6416601DA6733378A /* Pods-InstagramUITests.debug.xcconfig */;
			buildSettings = {
				ALWAYS_EMBED_SWIFT_STANDARD_LIBRARIES = YES;
				CODE_SIGN_STYLE = Automatic;
				INFOPLIST_FILE = InstagramUITests/Info.plist;
				LD_RUNPATH_SEARCH_PATHS = "$(inherited) @executable_path/Frameworks @loader_path/Frameworks";
				PRODUCT_BUNDLE_IDENTIFIER = com.codepath.InstagramUITests;
				PRODUCT_NAME = "$(TARGET_NAME)";
				SWIFT_VERSION = 4.0;
				TARGETED_DEVICE_FAMILY = "1,2";
				TEST_TARGET_NAME = Instagram;
			};
			name = Debug;
		};
		A15783102043225D00D92B78 /* Release */ = {
			isa = XCBuildConfiguration;
			baseConfigurationReference = 9C05000BFABC6576C500B21D /* Pods-InstagramUITests.release.xcconfig */;
			buildSettings = {
				ALWAYS_EMBED_SWIFT_STANDARD_LIBRARIES = YES;
				CODE_SIGN_STYLE = Automatic;
				INFOPLIST_FILE = InstagramUITests/Info.plist;
				LD_RUNPATH_SEARCH_PATHS = "$(inherited) @executable_path/Frameworks @loader_path/Frameworks";
				PRODUCT_BUNDLE_IDENTIFIER = com.codepath.InstagramUITests;
				PRODUCT_NAME = "$(TARGET_NAME)";
				SWIFT_VERSION = 4.0;
				TARGETED_DEVICE_FAMILY = "1,2";
				TEST_TARGET_NAME = Instagram;
			};
			name = Release;
		};
/* End XCBuildConfiguration section */

/* Begin XCConfigurationList section */
		A15782DB2043225C00D92B78 /* Build configuration list for PBXProject "Instagram" */ = {
			isa = XCConfigurationList;
			buildConfigurations = (
				A15783062043225D00D92B78 /* Debug */,
				A15783072043225D00D92B78 /* Release */,
			);
			defaultConfigurationIsVisible = 0;
			defaultConfigurationName = Release;
		};
		A15783082043225D00D92B78 /* Build configuration list for PBXNativeTarget "Instagram" */ = {
			isa = XCConfigurationList;
			buildConfigurations = (
				A15783092043225D00D92B78 /* Debug */,
				A157830A2043225D00D92B78 /* Release */,
			);
			defaultConfigurationIsVisible = 0;
			defaultConfigurationName = Release;
		};
		A157830B2043225D00D92B78 /* Build configuration list for PBXNativeTarget "InstagramTests" */ = {
			isa = XCConfigurationList;
			buildConfigurations = (
				A157830C2043225D00D92B78 /* Debug */,
				A157830D2043225D00D92B78 /* Release */,
			);
			defaultConfigurationIsVisible = 0;
			defaultConfigurationName = Release;
		};
		A157830E2043225D00D92B78 /* Build configuration list for PBXNativeTarget "InstagramUITests" */ = {
			isa = XCConfigurationList;
			buildConfigurations = (
				A157830F2043225D00D92B78 /* Debug */,
				A15783102043225D00D92B78 /* Release */,
			);
			defaultConfigurationIsVisible = 0;
			defaultConfigurationName = Release;
		};
/* End XCConfigurationList section */
	};
	rootObject = A15782D82043225C00D92B78 /* Project object */;
}
